
Microsoft Visual Studio Solution File, Format Version 12.00
# Visual Studio Version 16
VisualStudioVersion = 16.0.32228.343
MinimumVisualStudioVersion = 10.0.40219.1
Project("{FAE04EC0-301F-11D3-BF4B-00C04F79EFBC}") = "Laboratorio3", "Laboratorio3\Laboratorio3.csproj", "{FBABF321-712D-4299-992F-FFEFD7B52B5D}"
EndProject
Global
	GlobalSection(SolutionConfigurationPlatforms) = preSolution
		Debug|Any CPU = Debug|Any CPU
		Release|Any CPU = Release|Any CPU
	EndGlobalSection
	GlobalSection(ProjectConfigurationPlatforms) = postSolution
		{FBABF321-712D-4299-992F-FFEFD7B52B5D}.Debug|Any CPU.ActiveCfg = Debug|Any CPU
		{FBABF321-712D-4299-992F-FFEFD7B52B5D}.Debug|Any CPU.Build.0 = Debug|Any CPU
		{FBABF321-712D-4299-992F-FFEFD7B52B5D}.Release|Any CPU.ActiveCfg = Release|Any CPU
		{FBABF321-712D-4299-992F-FFEFD7B52B5D}.Release|Any CPU.Build.0 = Release|Any CPU
	EndGlobalSection
	GlobalSection(SolutionProperties) = preSolution
		HideSolutionNode = FALSE
	EndGlobalSection
	GlobalSection(ExtensibilityGlobals) = postSolution
		SolutionGuid = {98C6EF60-CAAF-451E-ABDF-F7EB06EA0EAC}
	EndGlobalSection
EndGlobal
